
Microsoft Visual Studio Solution File, Format Version 12.00
# Visual Studio 15
VisualStudioVersion = 15.0.26430.6
MinimumVisualStudioVersion = 10.0.40219.1
Project("{8BC9CEB8-8B4A-11D0-8D11-00A0C91BC942}") = "Road_of_Gold", "Road_of_Gold.vcxproj", "{396BF707-68A5-48BD-BF52-4EFE99C03D8E}"
EndProject
Project("{8BC9CEB8-8B4A-11D0-8D11-00A0C91BC942}") = "NodeMapMaker", "..\NodeMapMaker\NodeMapMaker.vcxproj", "{F347D1C2-B8E5-4506-8E1D-F4B8CDCC3BEC}"
EndProject
Project("{8BC9CEB8-8B4A-11D0-8D11-00A0C91BC942}") = "MapEditor", "..\MapEditor\MapEditor.vcxproj", "{EF4E7462-95E5-4639-B7F1-43B23640D4A9}"
EndProject
Project("{8BC9CEB8-8B4A-11D0-8D11-00A0C91BC942}") = "PlanetViewer", "..\PlanetViewer\PlanetViewer.vcxproj", "{9F5A5474-73E0-4FF4-B48D-EB59009B9D4A}"
EndProject
Global
	GlobalSection(SolutionConfigurationPlatforms) = preSolution
		Debug|x64 = Debug|x64
		Debug|x86 = Debug|x86
		Release|x64 = Release|x64
		Release|x86 = Release|x86
	EndGlobalSection
	GlobalSection(ProjectConfigurationPlatforms) = postSolution
		{396BF707-68A5-48BD-BF52-4EFE99C03D8E}.Debug|x64.ActiveCfg = Debug|x64
		{396BF707-68A5-48BD-BF52-4EFE99C03D8E}.Debug|x64.Build.0 = Debug|x64
		{396BF707-68A5-48BD-BF52-4EFE99C03D8E}.Debug|x86.ActiveCfg = Debug|Win32
		{396BF707-68A5-48BD-BF52-4EFE99C03D8E}.Debug|x86.Build.0 = Debug|Win32
		{396BF707-68A5-48BD-BF52-4EFE99C03D8E}.Release|x64.ActiveCfg = Release|x64
		{396BF707-68A5-48BD-BF52-4EFE99C03D8E}.Release|x64.Build.0 = Release|x64
		{396BF707-68A5-48BD-BF52-4EFE99C03D8E}.Release|x86.ActiveCfg = Release|Win32
		{396BF707-68A5-48BD-BF52-4EFE99C03D8E}.Release|x86.Build.0 = Release|Win32
		{F347D1C2-B8E5-4506-8E1D-F4B8CDCC3BEC}.Debug|x64.ActiveCfg = Debug|x64
		{F347D1C2-B8E5-4506-8E1D-F4B8CDCC3BEC}.Debug|x64.Build.0 = Debug|x64
		{F347D1C2-B8E5-4506-8E1D-F4B8CDCC3BEC}.Debug|x86.ActiveCfg = Debug|Win32
		{F347D1C2-B8E5-4506-8E1D-F4B8CDCC3BEC}.Debug|x86.Build.0 = Debug|Win32
		{F347D1C2-B8E5-4506-8E1D-F4B8CDCC3BEC}.Release|x64.ActiveCfg = Release|x64
		{F347D1C2-B8E5-4506-8E1D-F4B8CDCC3BEC}.Release|x64.Build.0 = Release|x64
		{F347D1C2-B8E5-4506-8E1D-F4B8CDCC3BEC}.Release|x86.ActiveCfg = Release|Win32
		{F347D1C2-B8E5-4506-8E1D-F4B8CDCC3BEC}.Release|x86.Build.0 = Release|Win32
		{EF4E7462-95E5-4639-B7F1-43B23640D4A9}.Debug|x64.ActiveCfg = Debug|x64
		{EF4E7462-95E5-4639-B7F1-43B23640D4A9}.Debug|x64.Build.0 = Debug|x64
		{EF4E7462-95E5-4639-B7F1-43B23640D4A9}.Debug|x86.ActiveCfg = Debug|Win32
		{EF4E7462-95E5-4639-B7F1-43B23640D4A9}.Debug|x86.Build.0 = Debug|Win32
		{EF4E7462-95E5-4639-B7F1-43B23640D4A9}.Release|x64.ActiveCfg = Release|x64
		{EF4E7462-95E5-4639-B7F1-43B23640D4A9}.Release|x64.Build.0 = Release|x64
		{EF4E7462-95E5-4639-B7F1-43B23640D4A9}.Release|x86.ActiveCfg = Release|Win32
		{EF4E7462-95E5-4639-B7F1-43B23640D4A9}.Release|x86.Build.0 = Release|Win32
		{9F5A5474-73E0-4FF4-B48D-EB59009B9D4A}.Debug|x64.ActiveCfg = Debug|x64
		{9F5A5474-73E0-4FF4-B48D-EB59009B9D4A}.Debug|x64.Build.0 = Debug|x64
		{9F5A5474-73E0-4FF4-B48D-EB59009B9D4A}.Debug|x86.ActiveCfg = Debug|Win32
		{9F5A5474-73E0-4FF4-B48D-EB59009B9D4A}.Debug|x86.Build.0 = Debug|Win32
		{9F5A5474-73E0-4FF4-B48D-EB59009B9D4A}.Release|x64.ActiveCfg = Release|x64
		{9F5A5474-73E0-4FF4-B48D-EB59009B9D4A}.Release|x64.Build.0 = Release|x64
		{9F5A5474-73E0-4FF4-B48D-EB59009B9D4A}.Release|x86.ActiveCfg = Release|Win32
		{9F5A5474-73E0-4FF4-B48D-EB59009B9D4A}.Release|x86.Build.0 = Release|Win32
	EndGlobalSection
	GlobalSection(SolutionProperties) = preSolution
		HideSolutionNode = FALSE
	EndGlobalSection
EndGlobal
