<?xml version="1.0" encoding="utf-8"?>
<Project ToolsVersion="4.0" xmlns="http://schemas.microsoft.com/developer/msbuild/2003">
  <ItemGroup>
    <Filter Include="Source Files">
      <UniqueIdentifier>{4FC737F1-C7A5-4376-A066-2A32D752A2FF}</UniqueIdentifier>
      <Extensions>cpp;c;cc;cxx;def;odl;idl;hpj;bat;asm;asmx</Extensions>
    </Filter>
    <Filter Include="Header Files">
      <UniqueIdentifier>{93995380-89BD-4b04-88EB-625FBE52EBFB}</UniqueIdentifier>
      <Extensions>h;hh;hpp;hxx;hm;inl;inc;xsd</Extensions>
    </Filter>
    <Filter Include="Resource Files">
      <UniqueIdentifier>{67DA6AB6-F800-4c08-8B7A-83BB121AAD01}</UniqueIdentifier>
      <Extensions>rc;ico;cur;bmp;dlg;rc2;rct;bin;rgs;gif;jpg;jpeg;jpe;resx;tiff;tif;png;wav;mfcribbon-ms</Extensions>
    </Filter>
    <Filter Include="Resource Files\engine">
      <UniqueIdentifier>{972ca6b5-b566-47a1-b6e5-5cd538d7268c}</UniqueIdentifier>
    </Filter>
    <Filter Include="Resource Files\engine\font">
      <UniqueIdentifier>{2e27549d-7aca-46d9-8dee-b8f25bb73497}</UniqueIdentifier>
    </Filter>
    <Filter Include="Resource Files\engine\texture">
      <UniqueIdentifier>{7f795566-00a0-42f6-91dc-e72a999740bd}</UniqueIdentifier>
    </Filter>
    <Filter Include="Resource Files\engine\shader">
      <UniqueIdentifier>{198b15f9-bd03-4515-b557-e113cd478547}</UniqueIdentifier>
    </Filter>
    <Filter Include="Resource Files\engine\texture\box-shadow">
      <UniqueIdentifier>{415663a2-fefd-41ee-b046-3826edf61af5}</UniqueIdentifier>
    </Filter>
    <Filter Include="Resource Files\engine\font\fontawesome">
      <UniqueIdentifier>{92bbe622-3d3a-4131-8e8f-539bdf127e90}</UniqueIdentifier>
    </Filter>
    <Filter Include="Resource Files\engine\font\mplus">
      <UniqueIdentifier>{c2ebf509-8261-4b53-ad79-0ccaa4312af3}</UniqueIdentifier>
    </Filter>
    <Filter Include="Resource Files\engine\font\noto">
      <UniqueIdentifier>{f7208394-61be-44c0-9992-57a2a749ba60}</UniqueIdentifier>
    </Filter>
    <Filter Include="Header Files\Data">
      <UniqueIdentifier>{47968c06-9e07-4622-a8f7-7a85c04e3080}</UniqueIdentifier>
    </Filter>
    <Filter Include="Source Files\update">
      <UniqueIdentifier>{a0c2ffd9-7885-4707-a618-5ea831cbce13}</UniqueIdentifier>
    </Filter>
    <Filter Include="Source Files\draw">
      <UniqueIdentifier>{22c76824-e15a-4aa6-8410-534c4c3e2354}</UniqueIdentifier>
    </Filter>
    <Filter Include="Source Files\class">
      <UniqueIdentifier>{4beac708-bbb9-4c32-a6b8-dc1a6d676b45}</UniqueIdentifier>
    </Filter>
    <Filter Include="Source Files\init">
      <UniqueIdentifier>{7b778576-854a-4215-8404-649e1fb94f84}</UniqueIdentifier>
    </Filter>
    <Filter Include="Source Files\load">
      <UniqueIdentifier>{5fe2bdea-1fcb-4b8e-9254-ab8c8f59c5b6}</UniqueIdentifier>
    </Filter>
  </ItemGroup>
  <ItemGroup>
    <ClCompile Include="Main.cpp">
      <Filter>Source Files</Filter>
    </ClCompile>
    <ClCompile Include="globalVariables.cpp">
      <Filter>Source Files</Filter>
    </ClCompile>
    <ClCompile Include="stdafx.cpp">
      <Filter>Source Files</Filter>
    </ClCompile>
    <ClCompile Include="Sound.cpp">
      <Filter>Source Files</Filter>
    </ClCompile>
    <ClCompile Include="drawGroups.cpp">
      <Filter>Source Files\draw</Filter>
    </ClCompile>
    <ClCompile Include="drawPlanet.cpp">
      <Filter>Source Files\draw</Filter>
    </ClCompile>
    <ClCompile Include="drawRoutes.cpp">
      <Filter>Source Files\draw</Filter>
    </ClCompile>
    <ClCompile Include="drawUI.cpp">
      <Filter>Source Files\draw</Filter>
    </ClCompile>
    <ClCompile Include="drawUrbans.cpp">
      <Filter>Source Files\draw</Filter>
    </ClCompile>
    <ClCompile Include="drawVehicles.cpp">
      <Filter>Source Files\draw</Filter>
    </ClCompile>
    <ClCompile Include="initGroups.cpp">
      <Filter>Source Files\init</Filter>
    </ClCompile>
    <ClCompile Include="initNodes.cpp">
      <Filter>Source Files\init</Filter>
    </ClCompile>
    <ClCompile Include="initPlanet.cpp">
      <Filter>Source Files\init</Filter>
    </ClCompile>
    <ClCompile Include="initRoutes.cpp">
      <Filter>Source Files\init</Filter>
    </ClCompile>
    <ClCompile Include="loadMap.cpp">
      <Filter>Source Files\load</Filter>
    </ClCompile>
    <ClCompile Include="loadData.cpp">
      <Filter>Source Files\load</Filter>
    </ClCompile>
    <ClCompile Include="updateVehicles.cpp">
      <Filter>Source Files\update</Filter>
    </ClCompile>
    <ClCompile Include="updateGroups.cpp">
      <Filter>Source Files\update</Filter>
    </ClCompile>
    <ClCompile Include="updatePlanet.cpp">
      <Filter>Source Files\update</Filter>
    </ClCompile>
    <ClCompile Include="updateUrbans.cpp">
      <Filter>Source Files\update</Filter>
    </ClCompile>
    <ClCompile Include="Basket.cpp">
      <Filter>Source Files\class</Filter>
    </ClCompile>
    <ClCompile Include="Casket.cpp">
      <Filter>Source Files\class</Filter>
    </ClCompile>
    <ClCompile Include="Citizen.cpp">
      <Filter>Source Files\class</Filter>
    </ClCompile>
    <ClCompile Include="Export.cpp">
      <Filter>Source Files\class</Filter>
    </ClCompile>
    <ClCompile Include="Group.cpp">
      <Filter>Source Files\class</Filter>
    </ClCompile>
    <ClCompile Include="Wallet.cpp">
      <Filter>Source Files\class</Filter>
    </ClCompile>
    <ClCompile Include="TinyCamera.cpp">
      <Filter>Source Files\class</Filter>
    </ClCompile>
    <ClCompile Include="Traders.cpp">
      <Filter>Source Files\class</Filter>
    </ClCompile>
    <ClCompile Include="Urban.cpp">
      <Filter>Source Files\class</Filter>
    </ClCompile>
    <ClCompile Include="Vehicle.cpp">
      <Filter>Source Files\class</Filter>
    </ClCompile>
    <ClCompile Include="Sandglass.cpp">
      <Filter>Source Files\class</Filter>
    </ClCompile>
    <ClCompile Include="Node.cpp">
      <Filter>Source Files\class</Filter>
    </ClCompile>
  </ItemGroup>
  <ItemGroup>
    <Image Include="Icon.ico">
      <Filter>Resource Files</Filter>
    </Image>
    <Image Include="engine\texture\box-shadow\64.png">
      <Filter>Resource Files\engine\texture\box-shadow</Filter>
    </Image>
    <Image Include="engine\texture\box-shadow\128.png">
      <Filter>Resource Files\engine\texture\box-shadow</Filter>
    </Image>
    <Image Include="engine\texture\box-shadow\256.png">
      <Filter>Resource Files\engine\texture\box-shadow</Filter>
    </Image>
    <Image Include="engine\texture\box-shadow\8.png">
      <Filter>Resource Files\engine\texture\box-shadow</Filter>
    </Image>
    <Image Include="engine\texture\box-shadow\16.png">
      <Filter>Resource Files\engine\texture\box-shadow</Filter>
    </Image>
    <Image Include="engine\texture\box-shadow\32.png">
      <Filter>Resource Files\engine\texture\box-shadow</Filter>
    </Image>
  </ItemGroup>
  <ItemGroup>
    <ResourceCompile Include="Resource.rc">
      <Filter>Resource Files</Filter>
    </ResourceCompile>
  </ItemGroup>
  <ItemGroup>
    <Text Include="engine\font\fontawesome\LICENSE_OFL.txt">
      <Filter>Resource Files\engine\font\fontawesome</Filter>
    </Text>
    <Text Include="engine\font\noto\LICENSE_OFL.txt">
      <Filter>Resource Files\engine\font\noto</Filter>
    </Text>
    <Text Include="engine\engine.txt">
      <Filter>Resource Files\engine</Filter>
    </Text>
  </ItemGroup>
  <ItemGroup>
    <None Include="engine\shader\shape.ps">
      <Filter>Resource Files\engine\shader</Filter>
    </None>
    <None Include="engine\shader\sprite.ps">
      <Filter>Resource Files\engine\shader</Filter>
    </None>
    <None Include="engine\shader\sprite_sdf.ps">
      <Filter>Resource Files\engine\shader</Filter>
    </None>
    <None Include="engine\shader\sprite.vs">
      <Filter>Resource Files\engine\shader</Filter>
    </None>
    <None Include="engine\shader\line_dot.ps">
      <Filter>Resource Files\engine\shader</Filter>
    </None>
    <None Include="engine\shader\line_round_dot.ps">
      <Filter>Resource Files\engine\shader</Filter>
    </None>
    <None Include="engine\font\fontawesome\FontAwesome.otf.zst">
      <Filter>Resource Files\engine\font\fontawesome</Filter>
    </None>
    <None Include="engine\font\mplus\mplus-1p-heavy.ttf.zst">
      <Filter>Resource Files\engine\font\mplus</Filter>
    </None>
    <None Include="engine\font\mplus\mplus-1p-light.ttf.zst">
      <Filter>Resource Files\engine\font\mplus</Filter>
    </None>
    <None Include="engine\font\mplus\mplus-1p-medium.ttf.zst">
      <Filter>Resource Files\engine\font\mplus</Filter>
    </None>
    <None Include="engine\font\mplus\mplus-1p-regular.ttf.zst">
      <Filter>Resource Files\engine\font\mplus</Filter>
    </None>
    <None Include="engine\font\mplus\mplus-1p-thin.ttf.zst">
      <Filter>Resource Files\engine\font\mplus</Filter>
    </None>
    <None Include="engine\font\mplus\LICENSE_E">
      <Filter>Resource Files\engine\font\mplus</Filter>
    </None>
    <None Include="engine\font\mplus\mplus-1p-black.ttf.zst">
      <Filter>Resource Files\engine\font\mplus</Filter>
    </None>
    <None Include="engine\font\mplus\mplus-1p-bold.ttf.zst">
      <Filter>Resource Files\engine\font\mplus</Filter>
    </None>
    <None Include="engine\font\noto\NotoColorEmoji.ttf.zst">
      <Filter>Resource Files\engine\font\noto</Filter>
    </None>
    <None Include="engine\font\noto\NotoEmoji-Regular.ttf.zst">
      <Filter>Resource Files\engine\font\noto</Filter>
    </None>
  </ItemGroup>
  <ItemGroup>
    <ClInclude Include="TinyCamera.h">
      <Filter>Header Files</Filter>
    </ClInclude>
    <ClInclude Include="UI.h">
      <Filter>Header Files</Filter>
    </ClInclude>
    <ClInclude Include="Urban.h">
      <Filter>Header Files</Filter>
    </ClInclude>
    <ClInclude Include="Vehicle.h">
      <Filter>Header Files</Filter>
    </ClInclude>
    <ClInclude Include="Wallet.h">
      <Filter>Header Files</Filter>
    </ClInclude>
    <ClInclude Include="Basket.h">
      <Filter>Header Files</Filter>
    </ClInclude>
    <ClInclude Include="Buyer.h">
      <Filter>Header Files</Filter>
    </ClInclude>
    <ClInclude Include="Casket.h">
      <Filter>Header Files</Filter>
    </ClInclude>
    <ClInclude Include="Citizen.h">
      <Filter>Header Files</Filter>
    </ClInclude>
    <ClInclude Include="Energy.h">
      <Filter>Header Files</Filter>
    </ClInclude>
    <ClInclude Include="Group.h">
      <Filter>Header Files</Filter>
    </ClInclude>
    <ClInclude Include="Node.h">
      <Filter>Header Files</Filter>
    </ClInclude>
    <ClInclude Include="Path.h">
      <Filter>Header Files</Filter>
    </ClInclude>
    <ClInclude Include="Planet.h">
      <Filter>Header Files</Filter>
    </ClInclude>
    <ClInclude Include="Pos.h">
      <Filter>Header Files</Filter>
    </ClInclude>
    <ClInclude Include="Ring.h">
      <Filter>Header Files</Filter>
    </ClInclude>
    <ClInclude Include="Route.h">
      <Filter>Header Files</Filter>
    </ClInclude>
    <ClInclude Include="Sandglass.h">
      <Filter>Header Files</Filter>
    </ClInclude>
    <ClInclude Include="Seller.h">
      <Filter>Header Files</Filter>
    </ClInclude>
    <ClInclude Include="stdafx.h">
      <Filter>Header Files</Filter>
    </ClInclude>
    <ClInclude Include="Sound.h">
      <Filter>Header Files</Filter>
    </ClInclude>
    <ClInclude Include="Export.h">
      <Filter>Header Files</Filter>
    </ClInclude>
    <ClInclude Include="BiomeData.h">
      <Filter>Header Files\Data</Filter>
    </ClInclude>
    <ClInclude Include="CitizenData.h">
      <Filter>Header Files\Data</Filter>
    </ClInclude>
    <ClInclude Include="EnergyData.h">
      <Filter>Header Files\Data</Filter>
    </ClInclude>
    <ClInclude Include="ItemData.h">
      <Filter>Header Files\Data</Filter>
    </ClInclude>
    <ClInclude Include="VehicleData.h">
      <Filter>Header Files\Data</Filter>
    </ClInclude>
    <ClInclude Include="Incident.h">
      <Filter>Header Files</Filter>
    </ClInclude>
  </ItemGroup>
</Project>